
Microsoft Visual Studio Solution File, Format Version 12.00
# Visual Studio Version 16
VisualStudioVersion = 16.0.29230.47
MinimumVisualStudioVersion = 10.0.40219.1
Project("{FAE04EC0-301F-11D3-BF4B-00C04F79EFBC}") = "Hangman", "Hangman\Hangman.csproj", "{7C8D6890-7256-4F2E-BDD4-B793F1EE5DCF}"
EndProject
Global
	GlobalSection(SolutionConfigurationPlatforms) = preSolution
		Debug|Any CPU = Debug|Any CPU
		Release|Any CPU = Release|Any CPU
	EndGlobalSection
	GlobalSection(ProjectConfigurationPlatforms) = postSolution
		{7C8D6890-7256-4F2E-BDD4-B793F1EE5DCF}.Debug|Any CPU.ActiveCfg = Debug|Any CPU
		{7C8D6890-7256-4F2E-BDD4-B793F1EE5DCF}.Debug|Any CPU.Build.0 = Debug|Any CPU
		{7C8D6890-7256-4F2E-BDD4-B793F1EE5DCF}.Release|Any CPU.ActiveCfg = Release|Any CPU
		{7C8D6890-7256-4F2E-BDD4-B793F1EE5DCF}.Release|Any CPU.Build.0 = Release|Any CPU
	EndGlobalSection
	GlobalSection(SolutionProperties) = preSolution
		HideSolutionNode = FALSE
	EndGlobalSection
	GlobalSection(ExtensibilityGlobals) = postSolution
		SolutionGuid = {5D9B2095-EE9E-449F-9027-372274CBE3C4}
	EndGlobalSection
EndGlobal
